// !$*UTF8*$!
{
	archiveVersion = 1;
	classes = {
	};
	objectVersion = 46;
	objects = {

/* Begin PBXBuildFile section */
		495F83081CB09198008C6E41 /* AppDelegate.swift in Sources */ = {isa = PBXBuildFile; fileRef = 495F83071CB09198008C6E41 /* AppDelegate.swift */; };
		495F830A1CB09198008C6E41 /* ViewController.swift in Sources */ = {isa = PBXBuildFile; fileRef = 495F83091CB09198008C6E41 /* ViewController.swift */; };
		495F830D1CB09198008C6E41 /* Main.storyboard in Resources */ = {isa = PBXBuildFile; fileRef = 495F830B1CB09198008C6E41 /* Main.storyboard */; };
		495F830F1CB09198008C6E41 /* Assets.xcassets in Resources */ = {isa = PBXBuildFile; fileRef = 495F830E1CB09198008C6E41 /* Assets.xcassets */; };
		495F83121CB09198008C6E41 /* LaunchScreen.storyboard in Resources */ = {isa = PBXBuildFile; fileRef = 495F83101CB09198008C6E41 /* LaunchScreen.storyboard */; };
		495F831A1CB09271008C6E41 /* imagenIni.png in Resources */ = {isa = PBXBuildFile; fileRef = 495F83191CB09271008C6E41 /* imagenIni.png */; };
		495F831C1CB093DA008C6E41 /* ViewTamano.swift in Sources */ = {isa = PBXBuildFile; fileRef = 495F831B1CB093DA008C6E41 /* ViewTamano.swift */; };
		495F831E1CB098B0008C6E41 /* ViewMasa.swift in Sources */ = {isa = PBXBuildFile; fileRef = 495F831D1CB098B0008C6E41 /* ViewMasa.swift */; };
		495F83201CB09B32008C6E41 /* ViewQueso.swift in Sources */ = {isa = PBXBuildFile; fileRef = 495F831F1CB09B32008C6E41 /* ViewQueso.swift */; };
		495F83221CB09D9D008C6E41 /* ViewIngredientes.swift in Sources */ = {isa = PBXBuildFile; fileRef = 495F83211CB09D9D008C6E41 /* ViewIngredientes.swift */; };
		495F83241CB0A711008C6E41 /* ViewPreparar.swift in Sources */ = {isa = PBXBuildFile; fileRef = 495F83231CB0A711008C6E41 /* ViewPreparar.swift */; };
		496548141CB1844C00FBAD45 /* Images.xcassets in Resources */ = {isa = PBXBuildFile; fileRef = 496548131CB1844C00FBAD45 /* Images.xcassets */; };
/* End PBXBuildFile section */

/* Begin PBXFileReference section */
		495F83041CB09198008C6E41 /* Pizzaap.app */ = {isa = PBXFileReference; explicitFileType = wrapper.application; includeInIndex = 0; path = Pizzaap.app; sourceTree = BUILT_PRODUCTS_DIR; };
		495F83071CB09198008C6E41 /* AppDelegate.swift */ = {isa = PBXFileReference; lastKnownFileType = sourcecode.swift; path = AppDelegate.swift; sourceTree = "<group>"; };
		495F83091CB09198008C6E41 /* ViewController.swift */ = {isa = PBXFileReference; lastKnownFileType = sourcecode.swift; path = ViewController.swift; sourceTree = "<group>"; };
		495F830C1CB09198008C6E41 /* Base */ = {isa = PBXFileReference; lastKnownFileType = file.storyboard; name = Base; path = Base.lproj/Main.storyboard; sourceTree = "<group>"; };
		495F830E1CB09198008C6E41 /* Assets.xcassets */ = {isa = PBXFileReference; lastKnownFileType = folder.assetcatalog; path = Assets.xcassets; sourceTree = "<group>"; };
		495F83111CB09198008C6E41 /* Base */ = {isa = PBXFileReference; lastKnownFileType = file.storyboard; name = Base; path = Base.lproj/LaunchScreen.storyboard; sourceTree = "<group>"; };
		495F83131CB09198008C6E41 /* Info.plist */ = {isa = PBXFileReference; lastKnownFileType = text.plist.xml; path = Info.plist; sourceTree = "<group>"; };
		495F83191CB09271008C6E41 /* imagenIni.png */ = {isa = PBXFileReference; lastKnownFileType = image.png; path = imagenIni.png; sourceTree = "<group>"; };
		495F831B1CB093DA008C6E41 /* ViewTamano.swift */ = {isa = PBXFileReference; fileEncoding = 4; lastKnownFileType = sourcecode.swift; path = ViewTamano.swift; sourceTree = "<group>"; };
		495F831D1CB098B0008C6E41 /* ViewMasa.swift */ = {isa = PBXFileReference; fileEncoding = 4; lastKnownFileType = sourcecode.swift; path = ViewMasa.swift; sourceTree = "<group>"; };
		495F831F1CB09B32008C6E41 /* ViewQueso.swift */ = {isa = PBXFileReference; fileEncoding = 4; lastKnownFileType = sourcecode.swift; path = ViewQueso.swift; sourceTree = "<group>"; };
		495F83211CB09D9D008C6E41 /* ViewIngredientes.swift */ = {isa = PBXFileReference; fileEncoding = 4; lastKnownFileType = sourcecode.swift; path = ViewIngredientes.swift; sourceTree = "<group>"; };
		495F83231CB0A711008C6E41 /* ViewPreparar.swift */ = {isa = PBXFileReference; fileEncoding = 4; lastKnownFileType = sourcecode.swift; path = ViewPreparar.swift; sourceTree = "<group>"; };
		496548131CB1844C00FBAD45 /* Images.xcassets */ = {isa = PBXFileReference; lastKnownFileType = folder.assetcatalog; path = Images.xcassets; sourceTree = "<group>"; };
/* End PBXFileReference section */

/* Begin PBXFrameworksBuildPhase section */
		495F83011CB09198008C6E41 /* Frameworks */ = {
			isa = PBXFrameworksBuildPhase;
			buildActionMask = 2147483647;
			files = (
			);
			runOnlyForDeploymentPostprocessing = 0;
		};
/* End PBXFrameworksBuildPhase section */

/* Begin PBXGroup section */
		495F82FB1CB09197008C6E41 = {
			isa = PBXGroup;
			children = (
				495F83061CB09198008C6E41 /* Pizzaap */,
				495F83051CB09198008C6E41 /* Products */,
			);
			sourceTree = "<group>";
		};
		495F83051CB09198008C6E41 /* Products */ = {
			isa = PBXGroup;
			children = (
				495F83041CB09198008C6E41 /* Pizzaap.app */,
			);
			name = Products;
			sourceTree = "<group>";
		};
		495F83061CB09198008C6E41 /* Pizzaap */ = {
			isa = PBXGroup;
			children = (
				495F83191CB09271008C6E41 /* imagenIni.png */,
				495F83071CB09198008C6E41 /* AppDelegate.swift */,
				495F83091CB09198008C6E41 /* ViewController.swift */,
				495F830B1CB09198008C6E41 /* Main.storyboard */,
				495F830E1CB09198008C6E41 /* Assets.xcassets */,
				495F83101CB09198008C6E41 /* LaunchScreen.storyboard */,
				495F83131CB09198008C6E41 /* Info.plist */,
				495F831B1CB093DA008C6E41 /* ViewTamano.swift */,
				495F831D1CB098B0008C6E41 /* ViewMasa.swift */,
				495F831F1CB09B32008C6E41 /* ViewQueso.swift */,
				495F83211CB09D9D008C6E41 /* ViewIngredientes.swift */,
				495F83231CB0A711008C6E41 /* ViewPreparar.swift */,
				496548131CB1844C00FBAD45 /* Images.xcassets */,
			);
			path = Pizzaap;
			sourceTree = "<group>";
		};
/* End PBXGroup section */

/* Begin PBXNativeTarget section */
		495F83031CB09198008C6E41 /* Pizzaap */ = {
			isa = PBXNativeTarget;
			buildConfigurationList = 495F83161CB09198008C6E41 /* Build configuration list for PBXNativeTarget "Pizzaap" */;
			buildPhases = (
				495F83001CB09198008C6E41 /* Sources */,
				495F83011CB09198008C6E41 /* Frameworks */,
				495F83021CB09198008C6E41 /* Resources */,
			);
			buildRules = (
			);
			dependencies = (
			);
			name = Pizzaap;
			productName = Pizzaap;
			productReference = 495F83041CB09198008C6E41 /* Pizzaap.app */;
			productType = "com.apple.product-type.application";
		};
/* End PBXNativeTarget section */

/* Begin PBXProject section */
		495F82FC1CB09197008C6E41 /* Project object */ = {
			isa = PBXProject;
			attributes = {
				LastSwiftUpdateCheck = 0730;
				LastUpgradeCheck = 0730;
				ORGANIZATIONNAME = "Miguel Rojas";
				TargetAttributes = {
					495F83031CB09198008C6E41 = {
						CreatedOnToolsVersion = 7.3;
						DevelopmentTeam = L7B2EY74DX;
					};
				};
			};
			buildConfigurationList = 495F82FF1CB09197008C6E41 /* Build configuration list for PBXProject "Pizzaap" */;
			compatibilityVersion = "Xcode 3.2";
			developmentRegion = English;
			hasScannedForEncodings = 0;
			knownRegions = (
				en,
				Base,
			);
			mainGroup = 495F82FB1CB09197008C6E41;
			productRefGroup = 495F83051CB09198008C6E41 /* Products */;
			projectDirPath = "";
			projectRoot = "";
			targets = (
				495F83031CB09198008C6E41 /* Pizzaap */,
			);
		};
/* End PBXProject section */

/* Begin PBXResourcesBuildPhase section */
		495F83021CB09198008C6E41 /* Resources */ = {
			isa = PBXResourcesBuildPhase;
			buildActionMask = 2147483647;
			files = (
				495F83121CB09198008C6E41 /* LaunchScreen.storyboard in Resources */,
				496548141CB1844C00FBAD45 /* Images.xcassets in Resources */,
				495F831A1CB09271008C6E41 /* imagenIni.png in Resources */,
				495F830F1CB09198008C6E41 /* Assets.xcassets in Resources */,
				495F830D1CB09198008C6E41 /* Main.storyboard in Resources */,
			);
			runOnlyForDeploymentPostprocessing = 0;
		};
/* End PBXResourcesBuildPhase section */

/* Begin PBXSourcesBuildPhase section */
		495F83001CB09198008C6E41 /* Sources */ = {
			isa = PBXSourcesBuildPhase;
			buildActionMask = 2147483647;
			files = (
				495F831C1CB093DA008C6E41 /* ViewTamano.swift in Sources */,
				495F83221CB09D9D008C6E41 /* ViewIngredientes.swift in Sources */,
				495F830A1CB09198008C6E41 /* ViewController.swift in Sources */,
				495F831E1CB098B0008C6E41 /* ViewMasa.swift in Sources */,
				495F83081CB09198008C6E41 /* AppDelegate.swift in Sources */,
				495F83201CB09B32008C6E41 /* ViewQueso.swift in Sources */,
				495F83241CB0A711008C6E41 /* ViewPreparar.swift in Sources */,
			);
			runOnlyForDeploymentPostprocessing = 0;
		};
/* End PBXSourcesBuildPhase section */

/* Begin PBXVariantGroup section */
		495F830B1CB09198008C6E41 /* Main.storyboard */ = {
			isa = PBXVariantGroup;
			children = (
				495F830C1CB09198008C6E41 /* Base */,
			);
			name = Main.storyboard;
			sourceTree = "<group>";
		};
		495F83101CB09198008C6E41 /* LaunchScreen.storyboard */ = {
			isa = PBXVariantGroup;
			children = (
				495F83111CB09198008C6E41 /* Base */,
			);
			name = LaunchScreen.storyboard;
			sourceTree = "<group>";
		};
/* End PBXVariantGroup section */

/* Begin XCBuildConfiguration section */
		495F83141CB09198008C6E41 /* Debug */ = {
			isa = XCBuildConfiguration;
			buildSettings = {
				ALWAYS_SEARCH_USER_PATHS = NO;
				CLANG_ANALYZER_NONNULL = YES;
				CLANG_CXX_LANGUAGE_STANDARD = "gnu++0x";
				CLANG_CXX_LIBRARY = "libc++";
				CLANG_ENABLE_MODULES = YES;
				CLANG_ENABLE_OBJC_ARC = YES;
				CLANG_WARN_BOOL_CONVERSION = YES;
				CLANG_WARN_CONSTANT_CONVERSION = YES;
				CLANG_WARN_DIRECT_OBJC_ISA_USAGE = YES_ERROR;
				CLANG_WARN_EMPTY_BODY = YES;
				CLANG_WARN_ENUM_CONVERSION = YES;
				CLANG_WARN_INT_CONVERSION = YES;
				CLANG_WARN_OBJC_ROOT_CLASS = YES_ERROR;
				CLANG_WARN_UNREACHABLE_CODE = YES;
				CLANG_WARN__DUPLICATE_METHOD_MATCH = YES;
				"CODE_SIGN_IDENTITY[sdk=iphoneos*]" = "iPhone Developer";
				COPY_PHASE_STRIP = NO;
				DEBUG_INFORMATION_FORMAT = dwarf;
				ENABLE_STRICT_OBJC_MSGSEND = YES;
				ENABLE_TESTABILITY = YES;
				GCC_C_LANGUAGE_STANDARD = gnu99;
				GCC_DYNAMIC_NO_PIC = NO;
				GCC_NO_COMMON_BLOCKS = YES;
				GCC_OPTIMIZATION_LEVEL = 0;
				GCC_PREPROCESSOR_DEFINITIONS = (
					"DEBUG=1",
					"$(inherited)",
				);
				GCC_WARN_64_TO_32_BIT_CONVERSION = YES;
				GCC_WARN_ABOUT_RETURN_TYPE = YES_ERROR;
				GCC_WARN_UNDECLARED_SELECTOR = YES;
				GCC_WARN_UNINITIALIZED_AUTOS = YES_AGGRESSIVE;
				GCC_WARN_UNUSED_FUNCTION = YES;
				GCC_WARN_UNUSED_VARIABLE = YES;
				IPHONEOS_DEPLOYMENT_TARGET = 9.3;
				MTL_ENABLE_DEBUG_INFO = YES;
				ONLY_ACTIVE_ARCH = YES;
				SDKROOT = iphoneos;
				SWIFT_OPTIMIZATION_LEVEL = "-Onone";
				TARGETED_DEVICE_FAMILY = "1,2";
			};
			name = Debug;
		};
		495F83151CB09198008C6E41 /* Release */ = {
			isa = XCBuildConfiguration;
			buildSettings = {
				ALWAYS_SEARCH_USER_PATHS = NO;
				CLANG_ANALYZER_NONNULL = YES;
				CLANG_CXX_LANGUAGE_STANDARD = "gnu++0x";
				CLANG_CXX_LIBRARY = "libc++";
				CLANG_ENABLE_MODULES = YES;
				CLANG_ENABLE_OBJC_ARC = YES;
				CLANG_WARN_BOOL_CONVERSION = YES;
				CLANG_WARN_CONSTANT_CONVERSION = YES;
				CLANG_WARN_DIRECT_OBJC_ISA_USAGE = YES_ERROR;
				CLANG_WARN_EMPTY_BODY = YES;
				CLANG_WARN_ENUM_CONVERSION = YES;
				CLANG_WARN_INT_CONVERSION = YES;
				CLANG_WARN_OBJC_ROOT_CLASS = YES_ERROR;
				CLANG_WARN_UNREACHABLE_CODE = YES;
				CLANG_WARN__DUPLICATE_METHOD_MATCH = YES;
				"CODE_SIGN_IDENTITY[sdk=iphoneos*]" = "iPhone Developer";
				COPY_PHASE_STRIP = NO;
				DEBUG_INFORMATION_FORMAT = "dwarf-with-dsym";
				ENABLE_NS_ASSERTIONS = NO;
				ENABLE_STRICT_OBJC_MSGSEND = YES;
				GCC_C_LANGUAGE_STANDARD = gnu99;
				GCC_NO_COMMON_BLOCKS = YES;
				GCC_WARN_64_TO_32_BIT_CONVERSION = YES;
				GCC_WARN_ABOUT_RETURN_TYPE = YES_ERROR;
				GCC_WARN_UNDECLARED_SELECTOR = YES;
				GCC_WARN_UNINITIALIZED_AUTOS = YES_AGGRESSIVE;
				GCC_WARN_UNUSED_FUNCTION = YES;
				GCC_WARN_UNUSED_VARIABLE = YES;
				IPHONEOS_DEPLOYMENT_TARGET = 9.3;
				MTL_ENABLE_DEBUG_INFO = NO;
				SDKROOT = iphoneos;
				TARGETED_DEVICE_FAMILY = "1,2";
				VALIDATE_PRODUCT = YES;
			};
			name = Release;
		};
		495F83171CB09198008C6E41 /* Debug */ = {
			isa = XCBuildConfiguration;
			buildSettings = {
				ASSETCATALOG_COMPILER_LAUNCHIMAGE_NAME = "Brand Assets";
				INFOPLIST_FILE = Pizzaap/Info.plist;
				IPHONEOS_DEPLOYMENT_TARGET = 9.2;
				LD_RUNPATH_SEARCH_PATHS = "$(inherited) @executable_path/Frameworks";
				PRODUCT_BUNDLE_IDENTIFIER = com.Pizzaap;
				PRODUCT_NAME = "$(TARGET_NAME)";
			};
			name = Debug;
		};
		495F83181CB09198008C6E41 /* Release */ = {
			isa = XCBuildConfiguration;
			buildSettings = {
				ASSETCATALOG_COMPILER_LAUNCHIMAGE_NAME = "Brand Assets";
				INFOPLIST_FILE = Pizzaap/Info.plist;
				IPHONEOS_DEPLOYMENT_TARGET = 9.2;
				LD_RUNPATH_SEARCH_PATHS = "$(inherited) @executable_path/Frameworks";
				PRODUCT_BUNDLE_IDENTIFIER = com.Pizzaap;
				PRODUCT_NAME = "$(TARGET_NAME)";
			};
			name = Release;
		};
/* End XCBuildConfiguration section */

/* Begin XCConfigurationList section */
		495F82FF1CB09197008C6E41 /* Build configuration list for PBXProject "Pizzaap" */ = {
			isa = XCConfigurationList;
			buildConfigurations = (
				495F83141CB09198008C6E41 /* Debug */,
				495F83151CB09198008C6E41 /* Release */,
			);
			defaultConfigurationIsVisible = 0;
			defaultConfigurationName = Release;
		};
		495F83161CB09198008C6E41 /* Build configuration list for PBXNativeTarget "Pizzaap" */ = {
			isa = XCConfigurationList;
			buildConfigurations = (
				495F83171CB09198008C6E41 /* Debug */,
				495F83181CB09198008C6E41 /* Release */,
			);
			defaultConfigurationIsVisible = 0;
			defaultConfigurationName = Release;
		};
/* End XCConfigurationList section */
	};
	rootObject = 495F82FC1CB09197008C6E41 /* Project object */;
}
